{
  "nodes": {
    "cv": {
      "inputs": {
        "futils": "futils",
        "nixpkgs": "nixpkgs"
      },
      "locked": {
        "lastModified": 1671981792,
        "narHash": "sha256-2C0wxUaTfMrzlE2VCrNSL85yqXMy+A1HcT8pMZdoA7w=",
        "owner": "risson",
        "repo": "cv",
        "rev": "a5659894da577f052b62b3b13de6f84735a6bdce",
        "type": "gitlab"
      },
      "original": {
        "owner": "risson",
        "repo": "cv",
        "type": "gitlab"
      }
    },
    "futils": {
      "locked": {
        "lastModified": 1601282935,
        "narHash": "sha256-WQAFV6sGGQxrRs3a+/Yj9xUYvhTpukQJIcMbIi7LCJ4=",
        "owner": "numtide",
        "repo": "flake-utils",
        "rev": "588973065fce51f4763287f0fda87a174d78bf48",
        "type": "github"
      },
      "original": {
        "owner": "numtide",
        "repo": "flake-utils",
        "type": "github"
      }
    },
    "futils_2": {
      "locked": {
        "lastModified": 1667395993,
        "narHash": "sha256-nuEHfE/LcWyuSWnS8t12N1wc105Qtau+/OdUAjtQ0rA=",
        "owner": "numtide",
        "repo": "flake-utils",
        "rev": "5aed5285a952e0b949eb3ba02c12fa4fcfef535f",
        "type": "github"
      },
      "original": {
        "owner": "numtide",
        "repo": "flake-utils",
        "type": "github"
      }
    },
    "nixpkgs": {
      "locked": {
        "lastModified": 1628055496,
        "narHash": "sha256-nGXzjnY8DONfgraXJWVCyXgfRjuWNNGFEqpc1NpQzBA=",
        "owner": "NixOS",
        "repo": "nixpkgs",
        "rev": "4d3e13e51b6e59b7892874b03072a7c931911e66",
        "type": "github"
      },
      "original": {
        "owner": "NixOS",
        "ref": "nixpkgs-unstable",
        "repo": "nixpkgs",
        "type": "github"
      }
    },
    "nixpkgs_2": {
      "locked": {
        "lastModified": 1671936867,
        "narHash": "sha256-tOok3/MJWoRUEoPU5Ma/cTCeuw8ACx3Ozu1MlFcdvc8=",
        "owner": "NixOS",
        "repo": "nixpkgs",
        "rev": "18ee49839ea8817218c3bfe3a62e06f47a10fdd5",
        "type": "github"
      },
      "original": {
        "id": "nixpkgs",
        "ref": "nixpkgs-unstable",
        "type": "indirect"
      }
    },
    "root": {
      "inputs": {
        "cv": "cv",
        "futils": "futils_2",
        "nixpkgs": "nixpkgs_2"
      }
    }
  },
  "root": "root",
  "version": 7
}
